// !$*UTF8*$!
{
	archiveVersion = 1;
	classes = {
	};
	objectVersion = 51;
	objects = {

/* Begin PBXBuildFile section */
		504F70B76DD9CA521E0BEFCC /* Pods_RequestInterceptorAlamofire.framework in Frameworks */ = {isa = PBXBuildFile; fileRef = 1A1140CE4E9A019183BFB322 /* Pods_RequestInterceptorAlamofire.framework */; };
		F2478B2B248FF89600BF9DCA /* Service.swift in Sources */ = {isa = PBXBuildFile; fileRef = F2478B2A248FF89600BF9DCA /* Service.swift */; };
		F2478B2E248FF8A900BF9DCA /* ViewController.swift in Sources */ = {isa = PBXBuildFile; fileRef = F2478B2D248FF8A900BF9DCA /* ViewController.swift */; };
		F2478B31248FF8B100BF9DCA /* Model.swift in Sources */ = {isa = PBXBuildFile; fileRef = F2478B30248FF8B100BF9DCA /* Model.swift */; };
		F2478B34248FF8B900BF9DCA /* RequestInterceptorManager.swift in Sources */ = {isa = PBXBuildFile; fileRef = F2478B33248FF8B900BF9DCA /* RequestInterceptorManager.swift */; };
		F2478B39248FF8D200BF9DCA /* Main.storyboard in Resources */ = {isa = PBXBuildFile; fileRef = F2478B37248FF8D200BF9DCA /* Main.storyboard */; };
		F2D75C8B248FF7F6000B62D8 /* AppDelegate.swift in Sources */ = {isa = PBXBuildFile; fileRef = F2D75C8A248FF7F6000B62D8 /* AppDelegate.swift */; };
		F2D75C8D248FF7F6000B62D8 /* SceneDelegate.swift in Sources */ = {isa = PBXBuildFile; fileRef = F2D75C8C248FF7F6000B62D8 /* SceneDelegate.swift */; };
		F2D75C94248FF7F7000B62D8 /* Assets.xcassets in Resources */ = {isa = PBXBuildFile; fileRef = F2D75C93248FF7F7000B62D8 /* Assets.xcassets */; };
		F2D75C97248FF7F7000B62D8 /* LaunchScreen.storyboard in Resources */ = {isa = PBXBuildFile; fileRef = F2D75C95248FF7F7000B62D8 /* LaunchScreen.storyboard */; };
/* End PBXBuildFile section */

/* Begin PBXFileReference section */
		1A1140CE4E9A019183BFB322 /* Pods_RequestInterceptorAlamofire.framework */ = {isa = PBXFileReference; explicitFileType = wrapper.framework; includeInIndex = 0; path = Pods_RequestInterceptorAlamofire.framework; sourceTree = BUILT_PRODUCTS_DIR; };
		702CE7E6E2C42D17160A10CC /* Pods-RequestInterceptorAlamofire.debug.xcconfig */ = {isa = PBXFileReference; includeInIndex = 1; lastKnownFileType = text.xcconfig; name = "Pods-RequestInterceptorAlamofire.debug.xcconfig"; path = "Target Support Files/Pods-RequestInterceptorAlamofire/Pods-RequestInterceptorAlamofire.debug.xcconfig"; sourceTree = "<group>"; };
		92B3A9F419C58C92E7104520 /* Pods-RequestInterceptorAlamofire.release.xcconfig */ = {isa = PBXFileReference; includeInIndex = 1; lastKnownFileType = text.xcconfig; name = "Pods-RequestInterceptorAlamofire.release.xcconfig"; path = "Target Support Files/Pods-RequestInterceptorAlamofire/Pods-RequestInterceptorAlamofire.release.xcconfig"; sourceTree = "<group>"; };
		F2478B2A248FF89600BF9DCA /* Service.swift */ = {isa = PBXFileReference; fileEncoding = 4; lastKnownFileType = sourcecode.swift; path = Service.swift; sourceTree = "<group>"; };
		F2478B2D248FF8A900BF9DCA /* ViewController.swift */ = {isa = PBXFileReference; fileEncoding = 4; lastKnownFileType = sourcecode.swift; path = ViewController.swift; sourceTree = "<group>"; };
		F2478B30248FF8B100BF9DCA /* Model.swift */ = {isa = PBXFileReference; fileEncoding = 4; lastKnownFileType = sourcecode.swift; path = Model.swift; sourceTree = "<group>"; };
		F2478B33248FF8B900BF9DCA /* RequestInterceptorManager.swift */ = {isa = PBXFileReference; fileEncoding = 4; lastKnownFileType = sourcecode.swift; path = RequestInterceptorManager.swift; sourceTree = "<group>"; };
		F2478B38248FF8D200BF9DCA /* Base */ = {isa = PBXFileReference; lastKnownFileType = file.storyboard; name = Base; path = ../../../../AlamofireRequestInterceptor/AlamofireRequestInterceptor/Base.lproj/Main.storyboard; sourceTree = "<group>"; };
		F2D75C87248FF7F6000B62D8 /* RequestInterceptorAlamofire.app */ = {isa = PBXFileReference; explicitFileType = wrapper.application; includeInIndex = 0; path = RequestInterceptorAlamofire.app; sourceTree = BUILT_PRODUCTS_DIR; };
		F2D75C8A248FF7F6000B62D8 /* AppDelegate.swift */ = {isa = PBXFileReference; lastKnownFileType = sourcecode.swift; path = AppDelegate.swift; sourceTree = "<group>"; };
		F2D75C8C248FF7F6000B62D8 /* SceneDelegate.swift */ = {isa = PBXFileReference; lastKnownFileType = sourcecode.swift; path = SceneDelegate.swift; sourceTree = "<group>"; };
		F2D75C93248FF7F7000B62D8 /* Assets.xcassets */ = {isa = PBXFileReference; lastKnownFileType = folder.assetcatalog; path = Assets.xcassets; sourceTree = "<group>"; };
		F2D75C96248FF7F7000B62D8 /* Base */ = {isa = PBXFileReference; lastKnownFileType = file.storyboard; name = Base; path = Base.lproj/LaunchScreen.storyboard; sourceTree = "<group>"; };
		F2D75C98248FF7F7000B62D8 /* Info.plist */ = {isa = PBXFileReference; lastKnownFileType = text.plist.xml; path = Info.plist; sourceTree = "<group>"; };
/* End PBXFileReference section */

/* Begin PBXFrameworksBuildPhase section */
		F2D75C84248FF7F6000B62D8 /* Frameworks */ = {
			isa = PBXFrameworksBuildPhase;
			buildActionMask = 2147483647;
			files = (
				504F70B76DD9CA521E0BEFCC /* Pods_RequestInterceptorAlamofire.framework in Frameworks */,
			);
			runOnlyForDeploymentPostprocessing = 0;
		};
/* End PBXFrameworksBuildPhase section */

/* Begin PBXGroup section */
		24423640BAB1DF125E681017 /* Pods */ = {
			isa = PBXGroup;
			children = (
				702CE7E6E2C42D17160A10CC /* Pods-RequestInterceptorAlamofire.debug.xcconfig */,
				92B3A9F419C58C92E7104520 /* Pods-RequestInterceptorAlamofire.release.xcconfig */,
			);
			path = Pods;
			sourceTree = "<group>";
		};
		5C354587C6D5B87A60CC72C7 /* Frameworks */ = {
			isa = PBXGroup;
			children = (
				1A1140CE4E9A019183BFB322 /* Pods_RequestInterceptorAlamofire.framework */,
			);
			name = Frameworks;
			sourceTree = "<group>";
		};
		F2478B29248FF89600BF9DCA /* Service */ = {
			isa = PBXGroup;
			children = (
				F2478B37248FF8D200BF9DCA /* Main.storyboard */,
				F2478B2A248FF89600BF9DCA /* Service.swift */,
			);
			path = Service;
			sourceTree = "<group>";
		};
		F2478B2C248FF8A900BF9DCA /* Controller */ = {
			isa = PBXGroup;
			children = (
				F2478B2D248FF8A900BF9DCA /* ViewController.swift */,
			);
			path = Controller;
			sourceTree = "<group>";
		};
		F2478B2F248FF8B100BF9DCA /* Model */ = {
			isa = PBXGroup;
			children = (
				F2478B30248FF8B100BF9DCA /* Model.swift */,
			);
			path = Model;
			sourceTree = "<group>";
		};
		F2478B32248FF8B900BF9DCA /* Interceptor */ = {
			isa = PBXGroup;
			children = (
				F2478B33248FF8B900BF9DCA /* RequestInterceptorManager.swift */,
			);
			path = Interceptor;
			sourceTree = "<group>";
		};
		F2D75C7E248FF7F6000B62D8 = {
			isa = PBXGroup;
			children = (
				F2D75C89248FF7F6000B62D8 /* RequestInterceptorAlamofire */,
				F2D75C88248FF7F6000B62D8 /* Products */,
				24423640BAB1DF125E681017 /* Pods */,
				5C354587C6D5B87A60CC72C7 /* Frameworks */,
			);
			sourceTree = "<group>";
		};
		F2D75C88248FF7F6000B62D8 /* Products */ = {
			isa = PBXGroup;
			children = (
				F2D75C87248FF7F6000B62D8 /* RequestInterceptorAlamofire.app */,
			);
			name = Products;
			sourceTree = "<group>";
		};
		F2D75C89248FF7F6000B62D8 /* RequestInterceptorAlamofire */ = {
			isa = PBXGroup;
			children = (
				F2D75C8A248FF7F6000B62D8 /* AppDelegate.swift */,
				F2D75C8C248FF7F6000B62D8 /* SceneDelegate.swift */,
				F2478B32248FF8B900BF9DCA /* Interceptor */,
				F2478B2F248FF8B100BF9DCA /* Model */,
				F2478B2C248FF8A900BF9DCA /* Controller */,
				F2478B29248FF89600BF9DCA /* Service */,
				F2D75C93248FF7F7000B62D8 /* Assets.xcassets */,
				F2D75C95248FF7F7000B62D8 /* LaunchScreen.storyboard */,
				F2D75C98248FF7F7000B62D8 /* Info.plist */,
			);
			path = RequestInterceptorAlamofire;
			sourceTree = "<group>";
		};
/* End PBXGroup section */

/* Begin PBXNativeTarget section */
		F2D75C86248FF7F6000B62D8 /* RequestInterceptorAlamofire */ = {
			isa = PBXNativeTarget;
			buildConfigurationList = F2D75C9B248FF7F7000B62D8 /* Build configuration list for PBXNativeTarget "RequestInterceptorAlamofire" */;
			buildPhases = (
				4228300D5D3DE3521CAD454F /* [CP] Check Pods Manifest.lock */,
				F2D75C83248FF7F6000B62D8 /* Sources */,
				F2D75C84248FF7F6000B62D8 /* Frameworks */,
				F2D75C85248FF7F6000B62D8 /* Resources */,
				8429971A263F46A773530DEE /* [CP] Embed Pods Frameworks */,
			);
			buildRules = (
			);
			dependencies = (
			);
			name = RequestInterceptorAlamofire;
			productName = RequestInterceptorAlamofire;
			productReference = F2D75C87248FF7F6000B62D8 /* RequestInterceptorAlamofire.app */;
			productType = "com.apple.product-type.application";
		};
/* End PBXNativeTarget section */

/* Begin PBXProject section */
		F2D75C7F248FF7F6000B62D8 /* Project object */ = {
			isa = PBXProject;
			attributes = {
				LastSwiftUpdateCheck = 1140;
				LastUpgradeCheck = 1140;
				ORGANIZATIONNAME = "Hajji Anwer";
				TargetAttributes = {
					F2D75C86248FF7F6000B62D8 = {
						CreatedOnToolsVersion = 11.4;
					};
				};
			};
			buildConfigurationList = F2D75C82248FF7F6000B62D8 /* Build configuration list for PBXProject "RequestInterceptorAlamofire" */;
			compatibilityVersion = "Xcode 9.3";
			developmentRegion = en;
			hasScannedForEncodings = 0;
			knownRegions = (
				en,
				Base,
			);
			mainGroup = F2D75C7E248FF7F6000B62D8;
			productRefGroup = F2D75C88248FF7F6000B62D8 /* Products */;
			projectDirPath = "";
			projectRoot = "";
			targets = (
				F2D75C86248FF7F6000B62D8 /* RequestInterceptorAlamofire */,
			);
		};
/* End PBXProject section */

/* Begin PBXResourcesBuildPhase section */
		F2D75C85248FF7F6000B62D8 /* Resources */ = {
			isa = PBXResourcesBuildPhase;
			buildActionMask = 2147483647;
			files = (
				F2D75C97248FF7F7000B62D8 /* LaunchScreen.storyboard in Resources */,
				F2D75C94248FF7F7000B62D8 /* Assets.xcassets in Resources */,
				F2478B39248FF8D200BF9DCA /* Main.storyboard in Resources */,
			);
			runOnlyForDeploymentPostprocessing = 0;
		};
/* End PBXResourcesBuildPhase section */

/* Begin PBXShellScriptBuildPhase section */
		4228300D5D3DE3521CAD454F /* [CP] Check Pods Manifest.lock */ = {
			isa = PBXShellScriptBuildPhase;
			buildActionMask = 2147483647;
			files = (
			);
			inputFileListPaths = (
			);
			inputPaths = (
				"${PODS_PODFILE_DIR_PATH}/Podfile.lock",
				"${PODS_ROOT}/Manifest.lock",
			);
			name = "[CP] Check Pods Manifest.lock";
			outputFileListPaths = (
			);
			outputPaths = (
				"$(DERIVED_FILE_DIR)/Pods-RequestInterceptorAlamofire-checkManifestLockResult.txt",
			);
			runOnlyForDeploymentPostprocessing = 0;
			shellPath = /bin/sh;
			shellScript = "diff \"${PODS_PODFILE_DIR_PATH}/Podfile.lock\" \"${PODS_ROOT}/Manifest.lock\" > /dev/null\nif [ $? != 0 ] ; then\n    # print error to STDERR\n    echo \"error: The sandbox is not in sync with the Podfile.lock. Run 'pod install' or update your CocoaPods installation.\" >&2\n    exit 1\nfi\n# This output is used by Xcode 'outputs' to avoid re-running this script phase.\necho \"SUCCESS\" > \"${SCRIPT_OUTPUT_FILE_0}\"\n";
			showEnvVarsInLog = 0;
		};
		8429971A263F46A773530DEE /* [CP] Embed Pods Frameworks */ = {
			isa = PBXShellScriptBuildPhase;
			buildActionMask = 2147483647;
			files = (
			);
			inputFileListPaths = (
				"${PODS_ROOT}/Target Support Files/Pods-RequestInterceptorAlamofire/Pods-RequestInterceptorAlamofire-frameworks-${CONFIGURATION}-input-files.xcfilelist",
			);
			name = "[CP] Embed Pods Frameworks";
			outputFileListPaths = (
				"${PODS_ROOT}/Target Support Files/Pods-RequestInterceptorAlamofire/Pods-RequestInterceptorAlamofire-frameworks-${CONFIGURATION}-output-files.xcfilelist",
			);
			runOnlyForDeploymentPostprocessing = 0;
			shellPath = /bin/sh;
			shellScript = "\"${PODS_ROOT}/Target Support Files/Pods-RequestInterceptorAlamofire/Pods-RequestInterceptorAlamofire-frameworks.sh\"\n";
			showEnvVarsInLog = 0;
		};
/* End PBXShellScriptBuildPhase section */

/* Begin PBXSourcesBuildPhase section */
		F2D75C83248FF7F6000B62D8 /* Sources */ = {
			isa = PBXSourcesBuildPhase;
			buildActionMask = 2147483647;
			files = (
				F2478B31248FF8B100BF9DCA /* Model.swift in Sources */,
				F2478B34248FF8B900BF9DCA /* RequestInterceptorManager.swift in Sources */,
				F2478B2B248FF89600BF9DCA /* Service.swift in Sources */,
				F2D75C8B248FF7F6000B62D8 /* AppDelegate.swift in Sources */,
				F2478B2E248FF8A900BF9DCA /* ViewController.swift in Sources */,
				F2D75C8D248FF7F6000B62D8 /* SceneDelegate.swift in Sources */,
			);
			runOnlyForDeploymentPostprocessing = 0;
		};
/* End PBXSourcesBuildPhase section */

/* Begin PBXVariantGroup section */
		F2478B37248FF8D200BF9DCA /* Main.storyboard */ = {
			isa = PBXVariantGroup;
			children = (
				F2478B38248FF8D200BF9DCA /* Base */,
			);
			name = Main.storyboard;
			sourceTree = "<group>";
		};
		F2D75C95248FF7F7000B62D8 /* LaunchScreen.storyboard */ = {
			isa = PBXVariantGroup;
			children = (
				F2D75C96248FF7F7000B62D8 /* Base */,
			);
			name = LaunchScreen.storyboard;
			sourceTree = "<group>";
		};
/* End PBXVariantGroup section */

/* Begin XCBuildConfiguration section */
		F2D75C99248FF7F7000B62D8 /* Debug */ = {
			isa = XCBuildConfiguration;
			buildSettings = {
				ALWAYS_SEARCH_USER_PATHS = NO;
				CLANG_ANALYZER_NONNULL = YES;
				CLANG_ANALYZER_NUMBER_OBJECT_CONVERSION = YES_AGGRESSIVE;
				CLANG_CXX_LANGUAGE_STANDARD = "gnu++14";
				CLANG_CXX_LIBRARY = "libc++";
				CLANG_ENABLE_MODULES = YES;
				CLANG_ENABLE_OBJC_ARC = YES;
				CLANG_ENABLE_OBJC_WEAK = YES;
				CLANG_WARN_BLOCK_CAPTURE_AUTORELEASING = YES;
				CLANG_WARN_BOOL_CONVERSION = YES;
				CLANG_WARN_COMMA = YES;
				CLANG_WARN_CONSTANT_CONVERSION = YES;
				CLANG_WARN_DEPRECATED_OBJC_IMPLEMENTATIONS = YES;
				CLANG_WARN_DIRECT_OBJC_ISA_USAGE = YES_ERROR;
				CLANG_WARN_DOCUMENTATION_COMMENTS = YES;
				CLANG_WARN_EMPTY_BODY = YES;
				CLANG_WARN_ENUM_CONVERSION = YES;
				CLANG_WARN_INFINITE_RECURSION = YES;
				CLANG_WARN_INT_CONVERSION = YES;
				CLANG_WARN_NON_LITERAL_NULL_CONVERSION = YES;
				CLANG_WARN_OBJC_IMPLICIT_RETAIN_SELF = YES;
				CLANG_WARN_OBJC_LITERAL_CONVERSION = YES;
				CLANG_WARN_OBJC_ROOT_CLASS = YES_ERROR;
				CLANG_WARN_RANGE_LOOP_ANALYSIS = YES;
				CLANG_WARN_STRICT_PROTOTYPES = YES;
				CLANG_WARN_SUSPICIOUS_MOVE = YES;
				CLANG_WARN_UNGUARDED_AVAILABILITY = YES_AGGRESSIVE;
				CLANG_WARN_UNREACHABLE_CODE = YES;
				CLANG_WARN__DUPLICATE_METHOD_MATCH = YES;
				COPY_PHASE_STRIP = NO;
				DEBUG_INFORMATION_FORMAT = dwarf;
				ENABLE_STRICT_OBJC_MSGSEND = YES;
				ENABLE_TESTABILITY = YES;
				GCC_C_LANGUAGE_STANDARD = gnu11;
				GCC_DYNAMIC_NO_PIC = NO;
				GCC_NO_COMMON_BLOCKS = YES;
				GCC_OPTIMIZATION_LEVEL = 0;
				GCC_PREPROCESSOR_DEFINITIONS = (
					"DEBUG=1",
					"$(inherited)",
				);
				GCC_WARN_64_TO_32_BIT_CONVERSION = YES;
				GCC_WARN_ABOUT_RETURN_TYPE = YES_ERROR;
				GCC_WARN_UNDECLARED_SELECTOR = YES;
				GCC_WARN_UNINITIALIZED_AUTOS = YES_AGGRESSIVE;
				GCC_WARN_UNUSED_FUNCTION = YES;
				GCC_WARN_UNUSED_VARIABLE = YES;
				IPHONEOS_DEPLOYMENT_TARGET = 13.4;
				MTL_ENABLE_DEBUG_INFO = INCLUDE_SOURCE;
				MTL_FAST_MATH = YES;
				ONLY_ACTIVE_ARCH = YES;
				SDKROOT = iphoneos;
				SWIFT_ACTIVE_COMPILATION_CONDITIONS = DEBUG;
				SWIFT_OPTIMIZATION_LEVEL = "-Onone";
			};
			name = Debug;
		};
		F2D75C9A248FF7F7000B62D8 /* Release */ = {
			isa = XCBuildConfiguration;
			buildSettings = {
				ALWAYS_SEARCH_USER_PATHS = NO;
				CLANG_ANALYZER_NONNULL = YES;
				CLANG_ANALYZER_NUMBER_OBJECT_CONVERSION = YES_AGGRESSIVE;
				CLANG_CXX_LANGUAGE_STANDARD = "gnu++14";
				CLANG_CXX_LIBRARY = "libc++";
				CLANG_ENABLE_MODULES = YES;
				CLANG_ENABLE_OBJC_ARC = YES;
				CLANG_ENABLE_OBJC_WEAK = YES;
				CLANG_WARN_BLOCK_CAPTURE_AUTORELEASING = YES;
				CLANG_WARN_BOOL_CONVERSION = YES;
				CLANG_WARN_COMMA = YES;
				CLANG_WARN_CONSTANT_CONVERSION = YES;
				CLANG_WARN_DEPRECATED_OBJC_IMPLEMENTATIONS = YES;
				CLANG_WARN_DIRECT_OBJC_ISA_USAGE = YES_ERROR;
				CLANG_WARN_DOCUMENTATION_COMMENTS = YES;
				CLANG_WARN_EMPTY_BODY = YES;
				CLANG_WARN_ENUM_CONVERSION = YES;
				CLANG_WARN_INFINITE_RECURSION = YES;
				CLANG_WARN_INT_CONVERSION = YES;
				CLANG_WARN_NON_LITERAL_NULL_CONVERSION = YES;
				CLANG_WARN_OBJC_IMPLICIT_RETAIN_SELF = YES;
				CLANG_WARN_OBJC_LITERAL_CONVERSION = YES;
				CLANG_WARN_OBJC_ROOT_CLASS = YES_ERROR;
				CLANG_WARN_RANGE_LOOP_ANALYSIS = YES;
				CLANG_WARN_STRICT_PROTOTYPES = YES;
				CLANG_WARN_SUSPICIOUS_MOVE = YES;
				CLANG_WARN_UNGUARDED_AVAILABILITY = YES_AGGRESSIVE;
				CLANG_WARN_UNREACHABLE_CODE = YES;
				CLANG_WARN__DUPLICATE_METHOD_MATCH = YES;
				COPY_PHASE_STRIP = NO;
				DEBUG_INFORMATION_FORMAT = "dwarf-with-dsym";
				ENABLE_NS_ASSERTIONS = NO;
				ENABLE_STRICT_OBJC_MSGSEND = YES;
				GCC_C_LANGUAGE_STANDARD = gnu11;
				GCC_NO_COMMON_BLOCKS = YES;
				GCC_WARN_64_TO_32_BIT_CONVERSION = YES;
				GCC_WARN_ABOUT_RETURN_TYPE = YES_ERROR;
				GCC_WARN_UNDECLARED_SELECTOR = YES;
				GCC_WARN_UNINITIALIZED_AUTOS = YES_AGGRESSIVE;
				GCC_WARN_UNUSED_FUNCTION = YES;
				GCC_WARN_UNUSED_VARIABLE = YES;
				IPHONEOS_DEPLOYMENT_TARGET = 13.4;
				MTL_ENABLE_DEBUG_INFO = NO;
				MTL_FAST_MATH = YES;
				SDKROOT = iphoneos;
				SWIFT_COMPILATION_MODE = wholemodule;
				SWIFT_OPTIMIZATION_LEVEL = "-O";
				VALIDATE_PRODUCT = YES;
			};
			name = Release;
		};
		F2D75C9C248FF7F7000B62D8 /* Debug */ = {
			isa = XCBuildConfiguration;
			baseConfigurationReference = 702CE7E6E2C42D17160A10CC /* Pods-RequestInterceptorAlamofire.debug.xcconfig */;
			buildSettings = {
				ASSETCATALOG_COMPILER_APPICON_NAME = AppIcon;
				CODE_SIGN_STYLE = Automatic;
				INFOPLIST_FILE = RequestInterceptorAlamofire/Info.plist;
				LD_RUNPATH_SEARCH_PATHS = (
					"$(inherited)",
					"@executable_path/Frameworks",
				);
				PRODUCT_BUNDLE_IDENTIFIER = com.anwerhajji.RequestInterceptorAlamofire;
				PRODUCT_NAME = "$(TARGET_NAME)";
				SWIFT_VERSION = 5.0;
				TARGETED_DEVICE_FAMILY = "1,2";
			};
			name = Debug;
		};
		F2D75C9D248FF7F7000B62D8 /* Release */ = {
			isa = XCBuildConfiguration;
			baseConfigurationReference = 92B3A9F419C58C92E7104520 /* Pods-RequestInterceptorAlamofire.release.xcconfig */;
			buildSettings = {
				ASSETCATALOG_COMPILER_APPICON_NAME = AppIcon;
				CODE_SIGN_STYLE = Automatic;
				INFOPLIST_FILE = RequestInterceptorAlamofire/Info.plist;
				LD_RUNPATH_SEARCH_PATHS = (
					"$(inherited)",
					"@executable_path/Frameworks",
				);
				PRODUCT_BUNDLE_IDENTIFIER = com.anwerhajji.RequestInterceptorAlamofire;
				PRODUCT_NAME = "$(TARGET_NAME)";
				SWIFT_VERSION = 5.0;
				TARGETED_DEVICE_FAMILY = "1,2";
			};
			name = Release;
		};
/* End XCBuildConfiguration section */

/* Begin XCConfigurationList section */
		F2D75C82248FF7F6000B62D8 /* Build configuration list for PBXProject "RequestInterceptorAlamofire" */ = {
			isa = XCConfigurationList;
			buildConfigurations = (
				F2D75C99248FF7F7000B62D8 /* Debug */,
				F2D75C9A248FF7F7000B62D8 /* Release */,
			);
			defaultConfigurationIsVisible = 0;
			defaultConfigurationName = Release;
		};
		F2D75C9B248FF7F7000B62D8 /* Build configuration list for PBXNativeTarget "RequestInterceptorAlamofire" */ = {
			isa = XCConfigurationList;
			buildConfigurations = (
				F2D75C9C248FF7F7000B62D8 /* Debug */,
				F2D75C9D248FF7F7000B62D8 /* Release */,
			);
			defaultConfigurationIsVisible = 0;
			defaultConfigurationName = Release;
		};
/* End XCConfigurationList section */
	};
	rootObject = F2D75C7F248FF7F6000B62D8 /* Project object */;
}
